
Microsoft Visual Studio Solution File, Format Version 12.00
# Visual Studio 15
Project("{FAE04EC0-301F-11D3-BF4B-00C04F79EFBC}") = "AstarPathfindingProject", "AstarPathfindingProject.csproj", "{A4A37BAA-35BE-61DC-B364-DF89ACB3C53D}"
EndProject
Project("{FAE04EC0-301F-11D3-BF4B-00C04F79EFBC}") = "Assembly-CSharp", "Assembly-CSharp.csproj", "{5756C2E4-8281-F642-3778-31710A145705}"
EndProject
Project("{FAE04EC0-301F-11D3-BF4B-00C04F79EFBC}") = "AstarPathfindingProjectEditor", "AstarPathfindingProjectEditor.csproj", "{DA555D84-8AED-56E9-7FE6-7A1094B8D4C4}"
EndProject
Project("{FAE04EC0-301F-11D3-BF4B-00C04F79EFBC}") = "PackageToolsEditor", "PackageToolsEditor.csproj", "{E20C5C5F-75AE-31D6-7C5A-02092AF05084}"
EndProject
Global
	GlobalSection(SolutionConfigurationPlatforms) = preSolution
		Debug|Any CPU = Debug|Any CPU
		Release|Any CPU = Release|Any CPU
	EndGlobalSection
	GlobalSection(ProjectConfigurationPlatforms) = postSolution
		{A4A37BAA-35BE-61DC-B364-DF89ACB3C53D}.Debug|Any CPU.ActiveCfg = Debug|Any CPU
		{A4A37BAA-35BE-61DC-B364-DF89ACB3C53D}.Debug|Any CPU.Build.0 = Debug|Any CPU
		{A4A37BAA-35BE-61DC-B364-DF89ACB3C53D}.Release|Any CPU.ActiveCfg = Release|Any CPU
		{A4A37BAA-35BE-61DC-B364-DF89ACB3C53D}.Release|Any CPU.Build.0 = Release|Any CPU
		{5756C2E4-8281-F642-3778-31710A145705}.Debug|Any CPU.ActiveCfg = Debug|Any CPU
		{5756C2E4-8281-F642-3778-31710A145705}.Debug|Any CPU.Build.0 = Debug|Any CPU
		{5756C2E4-8281-F642-3778-31710A145705}.Release|Any CPU.ActiveCfg = Release|Any CPU
		{5756C2E4-8281-F642-3778-31710A145705}.Release|Any CPU.Build.0 = Release|Any CPU
		{DA555D84-8AED-56E9-7FE6-7A1094B8D4C4}.Debug|Any CPU.ActiveCfg = Debug|Any CPU
		{DA555D84-8AED-56E9-7FE6-7A1094B8D4C4}.Debug|Any CPU.Build.0 = Debug|Any CPU
		{DA555D84-8AED-56E9-7FE6-7A1094B8D4C4}.Release|Any CPU.ActiveCfg = Release|Any CPU
		{DA555D84-8AED-56E9-7FE6-7A1094B8D4C4}.Release|Any CPU.Build.0 = Release|Any CPU
		{E20C5C5F-75AE-31D6-7C5A-02092AF05084}.Debug|Any CPU.ActiveCfg = Debug|Any CPU
		{E20C5C5F-75AE-31D6-7C5A-02092AF05084}.Debug|Any CPU.Build.0 = Debug|Any CPU
		{E20C5C5F-75AE-31D6-7C5A-02092AF05084}.Release|Any CPU.ActiveCfg = Release|Any CPU
		{E20C5C5F-75AE-31D6-7C5A-02092AF05084}.Release|Any CPU.Build.0 = Release|Any CPU
	EndGlobalSection
	GlobalSection(SolutionProperties) = preSolution
		HideSolutionNode = FALSE
	EndGlobalSection
EndGlobal
